
Microsoft Visual Studio Solution File, Format Version 12.00
# Visual Studio Version 17
VisualStudioVersion = 17.0.31903.59
MinimumVisualStudioVersion = 10.0.40219.1
Project("{2150E333-8FDC-42A3-9474-1A3956D46DE8}") = "src", "src", "{827E0CD3-B72D-47B6-A68D-7590B98EB39B}"
EndProject
Project("{2150E333-8FDC-42A3-9474-1A3956D46DE8}") = "BuildingBlocks", "BuildingBlocks", "{90298CBA-BD6F-3A0A-69D5-97CAD7B05E7E}"
EndProject
Project("{FAE04EC0-301F-11D3-BF4B-00C04F79EFBC}") = "ServiceDefaults", "src\BuildingBlocks\ServiceDefaults\ServiceDefaults.csproj", "{1B1077F0-40D4-4D36-BD7B-C1D4BD11DB9D}"
EndProject
Project("{FAE04EC0-301F-11D3-BF4B-00C04F79EFBC}") = "Shared", "src\BuildingBlocks\Shared\Shared.csproj", "{12C6846B-9DCF-4584-AB08-B5FA2E36EC73}"
EndProject
Project("{FAE04EC0-301F-11D3-BF4B-00C04F79EFBC}") = "Loggers", "src\BuildingBlocks\Loggers\Loggers.csproj", "{A8402C2D-9C99-478D-9148-332AB310261D}"
EndProject
Project("{FAE04EC0-301F-11D3-BF4B-00C04F79EFBC}") = "AppHost", "src\AppHost\AppHost.csproj", "{ABB9E77E-ED27-4DA4-B7E2-534AA2F8DBCB}"
EndProject
Project("{2150E333-8FDC-42A3-9474-1A3956D46DE8}") = "Services", "Services", "{984BB9B3-3FA3-BE33-9484-CAC21695A33C}"
EndProject
Project("{2150E333-8FDC-42A3-9474-1A3956D46DE8}") = "OroIdentityServer", "OroIdentityServer", "{D4BF9F3D-26E7-DAB1-5185-431844EC4F19}"
EndProject
Project("{FAE04EC0-301F-11D3-BF4B-00C04F79EFBC}") = "OroIdentityServer.Api", "src\Services\OroIdentityServer\OroIdentityServer.Api\OroIdentityServer.Api.csproj", "{BF599079-8790-4BEE-AE82-DA8371977721}"
EndProject
Project("{FAE04EC0-301F-11D3-BF4B-00C04F79EFBC}") = "OroIdentityServer.Application", "src\Services\OroIdentityServer\OroIdentityServer.Application\OroIdentityServer.Application.csproj", "{B5B4D0B1-CDEE-4D97-84A8-6684CF9CF0F0}"
EndProject
Project("{FAE04EC0-301F-11D3-BF4B-00C04F79EFBC}") = "OroIdentityServer.Infraestructure", "src\Services\OroIdentityServer\OroIdentityServer.Infraestructure\OroIdentityServer.Infraestructure.csproj", "{1B6703C7-232D-4E42-9C8F-4D0B8367FC57}"
EndProject
Project("{FAE04EC0-301F-11D3-BF4B-00C04F79EFBC}") = "OroIdentityServer.Core", "src\Services\OroIdentityServer\OroIdentityServer.Core\OroIdentityServer.Core.csproj", "{1143F8D6-542E-4D66-B4D6-69BC69381AAD}"
EndProject
Project("{2150E333-8FDC-42A3-9474-1A3956D46DE8}") = "Frontends", "Frontends", "{FD11E8FD-FA37-D09A-0E3B-962F97776DA7}"
EndProject
Project("{FAE04EC0-301F-11D3-BF4B-00C04F79EFBC}") = "OroIdentity.Web", "src\Frontends\OroIdentity.Web\OroIdentity.Web.csproj", "{A91034F7-6887-426F-A6B7-02BD082104D0}"
EndProject
Global
	GlobalSection(SolutionConfigurationPlatforms) = preSolution
		Debug|Any CPU = Debug|Any CPU
		Debug|x64 = Debug|x64
		Debug|x86 = Debug|x86
		Release|Any CPU = Release|Any CPU
		Release|x64 = Release|x64
		Release|x86 = Release|x86
	EndGlobalSection
	GlobalSection(ProjectConfigurationPlatforms) = postSolution
		{1B1077F0-40D4-4D36-BD7B-C1D4BD11DB9D}.Debug|Any CPU.ActiveCfg = Debug|Any CPU
		{1B1077F0-40D4-4D36-BD7B-C1D4BD11DB9D}.Debug|Any CPU.Build.0 = Debug|Any CPU
		{1B1077F0-40D4-4D36-BD7B-C1D4BD11DB9D}.Debug|x64.ActiveCfg = Debug|Any CPU
		{1B1077F0-40D4-4D36-BD7B-C1D4BD11DB9D}.Debug|x64.Build.0 = Debug|Any CPU
		{1B1077F0-40D4-4D36-BD7B-C1D4BD11DB9D}.Debug|x86.ActiveCfg = Debug|Any CPU
		{1B1077F0-40D4-4D36-BD7B-C1D4BD11DB9D}.Debug|x86.Build.0 = Debug|Any CPU
		{1B1077F0-40D4-4D36-BD7B-C1D4BD11DB9D}.Release|Any CPU.ActiveCfg = Release|Any CPU
		{1B1077F0-40D4-4D36-BD7B-C1D4BD11DB9D}.Release|Any CPU.Build.0 = Release|Any CPU
		{1B1077F0-40D4-4D36-BD7B-C1D4BD11DB9D}.Release|x64.ActiveCfg = Release|Any CPU
		{1B1077F0-40D4-4D36-BD7B-C1D4BD11DB9D}.Release|x64.Build.0 = Release|Any CPU
		{1B1077F0-40D4-4D36-BD7B-C1D4BD11DB9D}.Release|x86.ActiveCfg = Release|Any CPU
		{1B1077F0-40D4-4D36-BD7B-C1D4BD11DB9D}.Release|x86.Build.0 = Release|Any CPU
		{12C6846B-9DCF-4584-AB08-B5FA2E36EC73}.Debug|Any CPU.ActiveCfg = Debug|Any CPU
		{12C6846B-9DCF-4584-AB08-B5FA2E36EC73}.Debug|Any CPU.Build.0 = Debug|Any CPU
		{12C6846B-9DCF-4584-AB08-B5FA2E36EC73}.Debug|x64.ActiveCfg = Debug|Any CPU
		{12C6846B-9DCF-4584-AB08-B5FA2E36EC73}.Debug|x64.Build.0 = Debug|Any CPU
		{12C6846B-9DCF-4584-AB08-B5FA2E36EC73}.Debug|x86.ActiveCfg = Debug|Any CPU
		{12C6846B-9DCF-4584-AB08-B5FA2E36EC73}.Debug|x86.Build.0 = Debug|Any CPU
		{12C6846B-9DCF-4584-AB08-B5FA2E36EC73}.Release|Any CPU.ActiveCfg = Release|Any CPU
		{12C6846B-9DCF-4584-AB08-B5FA2E36EC73}.Release|Any CPU.Build.0 = Release|Any CPU
		{12C6846B-9DCF-4584-AB08-B5FA2E36EC73}.Release|x64.ActiveCfg = Release|Any CPU
		{12C6846B-9DCF-4584-AB08-B5FA2E36EC73}.Release|x64.Build.0 = Release|Any CPU
		{12C6846B-9DCF-4584-AB08-B5FA2E36EC73}.Release|x86.ActiveCfg = Release|Any CPU
		{12C6846B-9DCF-4584-AB08-B5FA2E36EC73}.Release|x86.Build.0 = Release|Any CPU
		{A8402C2D-9C99-478D-9148-332AB310261D}.Debug|Any CPU.ActiveCfg = Debug|Any CPU
		{A8402C2D-9C99-478D-9148-332AB310261D}.Debug|Any CPU.Build.0 = Debug|Any CPU
		{A8402C2D-9C99-478D-9148-332AB310261D}.Debug|x64.ActiveCfg = Debug|Any CPU
		{A8402C2D-9C99-478D-9148-332AB310261D}.Debug|x64.Build.0 = Debug|Any CPU
		{A8402C2D-9C99-478D-9148-332AB310261D}.Debug|x86.ActiveCfg = Debug|Any CPU
		{A8402C2D-9C99-478D-9148-332AB310261D}.Debug|x86.Build.0 = Debug|Any CPU
		{A8402C2D-9C99-478D-9148-332AB310261D}.Release|Any CPU.ActiveCfg = Release|Any CPU
		{A8402C2D-9C99-478D-9148-332AB310261D}.Release|Any CPU.Build.0 = Release|Any CPU
		{A8402C2D-9C99-478D-9148-332AB310261D}.Release|x64.ActiveCfg = Release|Any CPU
		{A8402C2D-9C99-478D-9148-332AB310261D}.Release|x64.Build.0 = Release|Any CPU
		{A8402C2D-9C99-478D-9148-332AB310261D}.Release|x86.ActiveCfg = Release|Any CPU
		{A8402C2D-9C99-478D-9148-332AB310261D}.Release|x86.Build.0 = Release|Any CPU
		{ABB9E77E-ED27-4DA4-B7E2-534AA2F8DBCB}.Debug|Any CPU.ActiveCfg = Debug|Any CPU
		{ABB9E77E-ED27-4DA4-B7E2-534AA2F8DBCB}.Debug|Any CPU.Build.0 = Debug|Any CPU
		{ABB9E77E-ED27-4DA4-B7E2-534AA2F8DBCB}.Debug|x64.ActiveCfg = Debug|Any CPU
		{ABB9E77E-ED27-4DA4-B7E2-534AA2F8DBCB}.Debug|x64.Build.0 = Debug|Any CPU
		{ABB9E77E-ED27-4DA4-B7E2-534AA2F8DBCB}.Debug|x86.ActiveCfg = Debug|Any CPU
		{ABB9E77E-ED27-4DA4-B7E2-534AA2F8DBCB}.Debug|x86.Build.0 = Debug|Any CPU
		{ABB9E77E-ED27-4DA4-B7E2-534AA2F8DBCB}.Release|Any CPU.ActiveCfg = Release|Any CPU
		{ABB9E77E-ED27-4DA4-B7E2-534AA2F8DBCB}.Release|Any CPU.Build.0 = Release|Any CPU
		{ABB9E77E-ED27-4DA4-B7E2-534AA2F8DBCB}.Release|x64.ActiveCfg = Release|Any CPU
		{ABB9E77E-ED27-4DA4-B7E2-534AA2F8DBCB}.Release|x64.Build.0 = Release|Any CPU
		{ABB9E77E-ED27-4DA4-B7E2-534AA2F8DBCB}.Release|x86.ActiveCfg = Release|Any CPU
		{ABB9E77E-ED27-4DA4-B7E2-534AA2F8DBCB}.Release|x86.Build.0 = Release|Any CPU
		{BF599079-8790-4BEE-AE82-DA8371977721}.Debug|Any CPU.ActiveCfg = Debug|Any CPU
		{BF599079-8790-4BEE-AE82-DA8371977721}.Debug|Any CPU.Build.0 = Debug|Any CPU
		{BF599079-8790-4BEE-AE82-DA8371977721}.Debug|x64.ActiveCfg = Debug|Any CPU
		{BF599079-8790-4BEE-AE82-DA8371977721}.Debug|x64.Build.0 = Debug|Any CPU
		{BF599079-8790-4BEE-AE82-DA8371977721}.Debug|x86.ActiveCfg = Debug|Any CPU
		{BF599079-8790-4BEE-AE82-DA8371977721}.Debug|x86.Build.0 = Debug|Any CPU
		{BF599079-8790-4BEE-AE82-DA8371977721}.Release|Any CPU.ActiveCfg = Release|Any CPU
		{BF599079-8790-4BEE-AE82-DA8371977721}.Release|Any CPU.Build.0 = Release|Any CPU
		{BF599079-8790-4BEE-AE82-DA8371977721}.Release|x64.ActiveCfg = Release|Any CPU
		{BF599079-8790-4BEE-AE82-DA8371977721}.Release|x64.Build.0 = Release|Any CPU
		{BF599079-8790-4BEE-AE82-DA8371977721}.Release|x86.ActiveCfg = Release|Any CPU
		{BF599079-8790-4BEE-AE82-DA8371977721}.Release|x86.Build.0 = Release|Any CPU
		{B5B4D0B1-CDEE-4D97-84A8-6684CF9CF0F0}.Debug|Any CPU.ActiveCfg = Debug|Any CPU
		{B5B4D0B1-CDEE-4D97-84A8-6684CF9CF0F0}.Debug|Any CPU.Build.0 = Debug|Any CPU
		{B5B4D0B1-CDEE-4D97-84A8-6684CF9CF0F0}.Debug|x64.ActiveCfg = Debug|Any CPU
		{B5B4D0B1-CDEE-4D97-84A8-6684CF9CF0F0}.Debug|x64.Build.0 = Debug|Any CPU
		{B5B4D0B1-CDEE-4D97-84A8-6684CF9CF0F0}.Debug|x86.ActiveCfg = Debug|Any CPU
		{B5B4D0B1-CDEE-4D97-84A8-6684CF9CF0F0}.Debug|x86.Build.0 = Debug|Any CPU
		{B5B4D0B1-CDEE-4D97-84A8-6684CF9CF0F0}.Release|Any CPU.ActiveCfg = Release|Any CPU
		{B5B4D0B1-CDEE-4D97-84A8-6684CF9CF0F0}.Release|Any CPU.Build.0 = Release|Any CPU
		{B5B4D0B1-CDEE-4D97-84A8-6684CF9CF0F0}.Release|x64.ActiveCfg = Release|Any CPU
		{B5B4D0B1-CDEE-4D97-84A8-6684CF9CF0F0}.Release|x64.Build.0 = Release|Any CPU
		{B5B4D0B1-CDEE-4D97-84A8-6684CF9CF0F0}.Release|x86.ActiveCfg = Release|Any CPU
		{B5B4D0B1-CDEE-4D97-84A8-6684CF9CF0F0}.Release|x86.Build.0 = Release|Any CPU
		{1B6703C7-232D-4E42-9C8F-4D0B8367FC57}.Debug|Any CPU.ActiveCfg = Debug|Any CPU
		{1B6703C7-232D-4E42-9C8F-4D0B8367FC57}.Debug|Any CPU.Build.0 = Debug|Any CPU
		{1B6703C7-232D-4E42-9C8F-4D0B8367FC57}.Debug|x64.ActiveCfg = Debug|Any CPU
		{1B6703C7-232D-4E42-9C8F-4D0B8367FC57}.Debug|x64.Build.0 = Debug|Any CPU
		{1B6703C7-232D-4E42-9C8F-4D0B8367FC57}.Debug|x86.ActiveCfg = Debug|Any CPU
		{1B6703C7-232D-4E42-9C8F-4D0B8367FC57}.Debug|x86.Build.0 = Debug|Any CPU
		{1B6703C7-232D-4E42-9C8F-4D0B8367FC57}.Release|Any CPU.ActiveCfg = Release|Any CPU
		{1B6703C7-232D-4E42-9C8F-4D0B8367FC57}.Release|Any CPU.Build.0 = Release|Any CPU
		{1B6703C7-232D-4E42-9C8F-4D0B8367FC57}.Release|x64.ActiveCfg = Release|Any CPU
		{1B6703C7-232D-4E42-9C8F-4D0B8367FC57}.Release|x64.Build.0 = Release|Any CPU
		{1B6703C7-232D-4E42-9C8F-4D0B8367FC57}.Release|x86.ActiveCfg = Release|Any CPU
		{1B6703C7-232D-4E42-9C8F-4D0B8367FC57}.Release|x86.Build.0 = Release|Any CPU
		{1143F8D6-542E-4D66-B4D6-69BC69381AAD}.Debug|Any CPU.ActiveCfg = Debug|Any CPU
		{1143F8D6-542E-4D66-B4D6-69BC69381AAD}.Debug|Any CPU.Build.0 = Debug|Any CPU
		{1143F8D6-542E-4D66-B4D6-69BC69381AAD}.Debug|x64.ActiveCfg = Debug|Any CPU
		{1143F8D6-542E-4D66-B4D6-69BC69381AAD}.Debug|x64.Build.0 = Debug|Any CPU
		{1143F8D6-542E-4D66-B4D6-69BC69381AAD}.Debug|x86.ActiveCfg = Debug|Any CPU
		{1143F8D6-542E-4D66-B4D6-69BC69381AAD}.Debug|x86.Build.0 = Debug|Any CPU
		{1143F8D6-542E-4D66-B4D6-69BC69381AAD}.Release|Any CPU.ActiveCfg = Release|Any CPU
		{1143F8D6-542E-4D66-B4D6-69BC69381AAD}.Release|Any CPU.Build.0 = Release|Any CPU
		{1143F8D6-542E-4D66-B4D6-69BC69381AAD}.Release|x64.ActiveCfg = Release|Any CPU
		{1143F8D6-542E-4D66-B4D6-69BC69381AAD}.Release|x64.Build.0 = Release|Any CPU
		{1143F8D6-542E-4D66-B4D6-69BC69381AAD}.Release|x86.ActiveCfg = Release|Any CPU
		{1143F8D6-542E-4D66-B4D6-69BC69381AAD}.Release|x86.Build.0 = Release|Any CPU
		{A91034F7-6887-426F-A6B7-02BD082104D0}.Debug|Any CPU.ActiveCfg = Debug|Any CPU
		{A91034F7-6887-426F-A6B7-02BD082104D0}.Debug|Any CPU.Build.0 = Debug|Any CPU
		{A91034F7-6887-426F-A6B7-02BD082104D0}.Debug|x64.ActiveCfg = Debug|Any CPU
		{A91034F7-6887-426F-A6B7-02BD082104D0}.Debug|x64.Build.0 = Debug|Any CPU
		{A91034F7-6887-426F-A6B7-02BD082104D0}.Debug|x86.ActiveCfg = Debug|Any CPU
		{A91034F7-6887-426F-A6B7-02BD082104D0}.Debug|x86.Build.0 = Debug|Any CPU
		{A91034F7-6887-426F-A6B7-02BD082104D0}.Release|Any CPU.ActiveCfg = Release|Any CPU
		{A91034F7-6887-426F-A6B7-02BD082104D0}.Release|Any CPU.Build.0 = Release|Any CPU
		{A91034F7-6887-426F-A6B7-02BD082104D0}.Release|x64.ActiveCfg = Release|Any CPU
		{A91034F7-6887-426F-A6B7-02BD082104D0}.Release|x64.Build.0 = Release|Any CPU
		{A91034F7-6887-426F-A6B7-02BD082104D0}.Release|x86.ActiveCfg = Release|Any CPU
		{A91034F7-6887-426F-A6B7-02BD082104D0}.Release|x86.Build.0 = Release|Any CPU
	EndGlobalSection
	GlobalSection(SolutionProperties) = preSolution
		HideSolutionNode = FALSE
	EndGlobalSection
	GlobalSection(NestedProjects) = preSolution
		{90298CBA-BD6F-3A0A-69D5-97CAD7B05E7E} = {827E0CD3-B72D-47B6-A68D-7590B98EB39B}
		{1B1077F0-40D4-4D36-BD7B-C1D4BD11DB9D} = {90298CBA-BD6F-3A0A-69D5-97CAD7B05E7E}
		{12C6846B-9DCF-4584-AB08-B5FA2E36EC73} = {90298CBA-BD6F-3A0A-69D5-97CAD7B05E7E}
		{A8402C2D-9C99-478D-9148-332AB310261D} = {90298CBA-BD6F-3A0A-69D5-97CAD7B05E7E}
		{ABB9E77E-ED27-4DA4-B7E2-534AA2F8DBCB} = {827E0CD3-B72D-47B6-A68D-7590B98EB39B}
		{984BB9B3-3FA3-BE33-9484-CAC21695A33C} = {827E0CD3-B72D-47B6-A68D-7590B98EB39B}
		{D4BF9F3D-26E7-DAB1-5185-431844EC4F19} = {984BB9B3-3FA3-BE33-9484-CAC21695A33C}
		{BF599079-8790-4BEE-AE82-DA8371977721} = {D4BF9F3D-26E7-DAB1-5185-431844EC4F19}
		{B5B4D0B1-CDEE-4D97-84A8-6684CF9CF0F0} = {D4BF9F3D-26E7-DAB1-5185-431844EC4F19}
		{1B6703C7-232D-4E42-9C8F-4D0B8367FC57} = {D4BF9F3D-26E7-DAB1-5185-431844EC4F19}
		{1143F8D6-542E-4D66-B4D6-69BC69381AAD} = {D4BF9F3D-26E7-DAB1-5185-431844EC4F19}
		{FD11E8FD-FA37-D09A-0E3B-962F97776DA7} = {827E0CD3-B72D-47B6-A68D-7590B98EB39B}
		{A91034F7-6887-426F-A6B7-02BD082104D0} = {FD11E8FD-FA37-D09A-0E3B-962F97776DA7}
	EndGlobalSection
EndGlobal
