Microsoft Visual Studio Solution File, Format Version 12.00
# Visual Studio Version 17
VisualStudioVersion = 17.5.2.0
MinimumVisualStudioVersion = 10.0.40219.1
Project("{FAE04EC0-301F-11D3-BF4B-00C04F79EFBC}") = "AppHost", "AppHost.csproj", "{24DB0F57-F36F-F07F-27A9-6E03BD1DAF2A}"
EndProject
Global
	GlobalSection(SolutionConfigurationPlatforms) = preSolution
		Debug|Any CPU = Debug|Any CPU
		Release|Any CPU = Release|Any CPU
	EndGlobalSection
	GlobalSection(ProjectConfigurationPlatforms) = postSolution
		{24DB0F57-F36F-F07F-27A9-6E03BD1DAF2A}.Debug|Any CPU.ActiveCfg = Debug|Any CPU
		{24DB0F57-F36F-F07F-27A9-6E03BD1DAF2A}.Debug|Any CPU.Build.0 = Debug|Any CPU
		{24DB0F57-F36F-F07F-27A9-6E03BD1DAF2A}.Release|Any CPU.ActiveCfg = Release|Any CPU
		{24DB0F57-F36F-F07F-27A9-6E03BD1DAF2A}.Release|Any CPU.Build.0 = Release|Any CPU
	EndGlobalSection
	GlobalSection(SolutionProperties) = preSolution
		HideSolutionNode = FALSE
	EndGlobalSection
	GlobalSection(ExtensibilityGlobals) = postSolution
		SolutionGuid = {481D6A51-48DA-49A3-AD06-78642B98010A}
	EndGlobalSection
EndGlobal
